
Microsoft Visual Studio Solution File, Format Version 12.00
# Visual Studio Version 17
VisualStudioVersion = 17.2.32630.192
MinimumVisualStudioVersion = 10.0.40219.1
Project("{9A19103F-16F7-4668-BE54-9A1E7A4F7556}") = "group13UniBuddy", "group13UniBuddy\group13UniBuddy.csproj", "{0E40E427-174D-46A3-852C-2717CD856EA6}"
EndProject
Project("{FAE04EC0-301F-11D3-BF4B-00C04F79EFBC}") = "UniBuddyInterface", "UniBuddyInterface\UniBuddyInterface.csproj", "{2E7BFA8E-86A2-4526-B93A-63FF9C892681}"
EndProject
Global
	GlobalSection(SolutionConfigurationPlatforms) = preSolution
		Debug|Any CPU = Debug|Any CPU
		Release|Any CPU = Release|Any CPU
	EndGlobalSection
	GlobalSection(ProjectConfigurationPlatforms) = postSolution
		{0E40E427-174D-46A3-852C-2717CD856EA6}.Debug|Any CPU.ActiveCfg = Debug|Any CPU
		{0E40E427-174D-46A3-852C-2717CD856EA6}.Debug|Any CPU.Build.0 = Debug|Any CPU
		{0E40E427-174D-46A3-852C-2717CD856EA6}.Release|Any CPU.ActiveCfg = Release|Any CPU
		{0E40E427-174D-46A3-852C-2717CD856EA6}.Release|Any CPU.Build.0 = Release|Any CPU
		{2E7BFA8E-86A2-4526-B93A-63FF9C892681}.Debug|Any CPU.ActiveCfg = Debug|Any CPU
		{2E7BFA8E-86A2-4526-B93A-63FF9C892681}.Debug|Any CPU.Build.0 = Debug|Any CPU
		{2E7BFA8E-86A2-4526-B93A-63FF9C892681}.Release|Any CPU.ActiveCfg = Release|Any CPU
		{2E7BFA8E-86A2-4526-B93A-63FF9C892681}.Release|Any CPU.Build.0 = Release|Any CPU
	EndGlobalSection
	GlobalSection(SolutionProperties) = preSolution
		HideSolutionNode = FALSE
	EndGlobalSection
	GlobalSection(ExtensibilityGlobals) = postSolution
		SolutionGuid = {0D6E31DE-E616-4CE9-A13B-7186FE654989}
	EndGlobalSection
EndGlobal
